
Microsoft Visual Studio Solution File, Format Version 11.00
# Visual Studio 2010
Project("{FAE04EC0-301F-11D3-BF4B-00C04F79EFBC}") = "Gwen", "GwenCS\Gwen.csproj", "{ADDA2F43-96C0-497F-8216-29C67ABC9806}"
EndProject
Project("{FAE04EC0-301F-11D3-BF4B-00C04F79EFBC}") = "Gwen.Renderer.SFML", "Renderer-SFML\Gwen.Renderer.SFML.csproj", "{D97B4F91-9FC8-46E0-A511-68D006662051}"
EndProject
Project("{FAE04EC0-301F-11D3-BF4B-00C04F79EFBC}") = "Gwen.Sample.SFML", "Sample-SFML\Gwen.Sample.SFML.csproj", "{3528E188-400A-4902-8050-FBAEAFC1F266}"
EndProject
Project("{FAE04EC0-301F-11D3-BF4B-00C04F79EFBC}") = "Gwen.Renderer.Tao", "Renderer-Tao\Gwen.Renderer.Tao.csproj", "{92B77333-E5EA-47A5-A78D-C335ED4386D3}"
EndProject
Project("{FAE04EC0-301F-11D3-BF4B-00C04F79EFBC}") = "Gwen.Sample.Tao", "Sample-Tao-Windows\Gwen.Sample.Tao.csproj", "{13045B09-2544-4084-868A-393F5F9196AF}"
EndProject
Project("{FAE04EC0-301F-11D3-BF4B-00C04F79EFBC}") = "Gwen.UnitTest", "Gwen.UnitTest\Gwen.UnitTest.csproj", "{1E28C643-0671-4EDF-ADEE-B75D33BAE5AF}"
EndProject
Global
	GlobalSection(SubversionScc) = preSolution
		Svn-Managed = True
		Manager = AnkhSVN - Subversion Support for Visual Studio
	EndGlobalSection
	GlobalSection(SolutionConfigurationPlatforms) = preSolution
		Debug|Any CPU = Debug|Any CPU
		Debug|Mixed Platforms = Debug|Mixed Platforms
		Debug|x86 = Debug|x86
		Release|Any CPU = Release|Any CPU
		Release|Mixed Platforms = Release|Mixed Platforms
		Release|x86 = Release|x86
	EndGlobalSection
	GlobalSection(ProjectConfigurationPlatforms) = postSolution
		{ADDA2F43-96C0-497F-8216-29C67ABC9806}.Debug|Any CPU.ActiveCfg = Debug|x86
		{ADDA2F43-96C0-497F-8216-29C67ABC9806}.Debug|Mixed Platforms.ActiveCfg = Debug|x86
		{ADDA2F43-96C0-497F-8216-29C67ABC9806}.Debug|Mixed Platforms.Build.0 = Debug|x86
		{ADDA2F43-96C0-497F-8216-29C67ABC9806}.Debug|x86.ActiveCfg = Debug|x86
		{ADDA2F43-96C0-497F-8216-29C67ABC9806}.Debug|x86.Build.0 = Debug|x86
		{ADDA2F43-96C0-497F-8216-29C67ABC9806}.Release|Any CPU.ActiveCfg = Release|x86
		{ADDA2F43-96C0-497F-8216-29C67ABC9806}.Release|Mixed Platforms.ActiveCfg = Release|x86
		{ADDA2F43-96C0-497F-8216-29C67ABC9806}.Release|Mixed Platforms.Build.0 = Release|x86
		{ADDA2F43-96C0-497F-8216-29C67ABC9806}.Release|x86.ActiveCfg = Release|x86
		{ADDA2F43-96C0-497F-8216-29C67ABC9806}.Release|x86.Build.0 = Release|x86
		{D97B4F91-9FC8-46E0-A511-68D006662051}.Debug|Any CPU.ActiveCfg = Debug|x86
		{D97B4F91-9FC8-46E0-A511-68D006662051}.Debug|Mixed Platforms.ActiveCfg = Debug|x86
		{D97B4F91-9FC8-46E0-A511-68D006662051}.Debug|Mixed Platforms.Build.0 = Debug|x86
		{D97B4F91-9FC8-46E0-A511-68D006662051}.Debug|x86.ActiveCfg = Debug|x86
		{D97B4F91-9FC8-46E0-A511-68D006662051}.Debug|x86.Build.0 = Debug|x86
		{D97B4F91-9FC8-46E0-A511-68D006662051}.Release|Any CPU.ActiveCfg = Release|x86
		{D97B4F91-9FC8-46E0-A511-68D006662051}.Release|Mixed Platforms.ActiveCfg = Release|x86
		{D97B4F91-9FC8-46E0-A511-68D006662051}.Release|Mixed Platforms.Build.0 = Release|x86
		{D97B4F91-9FC8-46E0-A511-68D006662051}.Release|x86.ActiveCfg = Release|x86
		{D97B4F91-9FC8-46E0-A511-68D006662051}.Release|x86.Build.0 = Release|x86
		{3528E188-400A-4902-8050-FBAEAFC1F266}.Debug|Any CPU.ActiveCfg = Debug|x86
		{3528E188-400A-4902-8050-FBAEAFC1F266}.Debug|Mixed Platforms.ActiveCfg = Debug|x86
		{3528E188-400A-4902-8050-FBAEAFC1F266}.Debug|Mixed Platforms.Build.0 = Debug|x86
		{3528E188-400A-4902-8050-FBAEAFC1F266}.Debug|x86.ActiveCfg = Debug|x86
		{3528E188-400A-4902-8050-FBAEAFC1F266}.Debug|x86.Build.0 = Debug|x86
		{3528E188-400A-4902-8050-FBAEAFC1F266}.Release|Any CPU.ActiveCfg = Release|x86
		{3528E188-400A-4902-8050-FBAEAFC1F266}.Release|Mixed Platforms.ActiveCfg = Release|x86
		{3528E188-400A-4902-8050-FBAEAFC1F266}.Release|Mixed Platforms.Build.0 = Release|x86
		{3528E188-400A-4902-8050-FBAEAFC1F266}.Release|x86.ActiveCfg = Release|x86
		{3528E188-400A-4902-8050-FBAEAFC1F266}.Release|x86.Build.0 = Release|x86
		{92B77333-E5EA-47A5-A78D-C335ED4386D3}.Debug|Any CPU.ActiveCfg = Debug|x86
		{92B77333-E5EA-47A5-A78D-C335ED4386D3}.Debug|Mixed Platforms.ActiveCfg = Debug|x86
		{92B77333-E5EA-47A5-A78D-C335ED4386D3}.Debug|Mixed Platforms.Build.0 = Debug|x86
		{92B77333-E5EA-47A5-A78D-C335ED4386D3}.Debug|x86.ActiveCfg = Debug|x86
		{92B77333-E5EA-47A5-A78D-C335ED4386D3}.Debug|x86.Build.0 = Debug|x86
		{92B77333-E5EA-47A5-A78D-C335ED4386D3}.Release|Any CPU.ActiveCfg = Release|x86
		{92B77333-E5EA-47A5-A78D-C335ED4386D3}.Release|Mixed Platforms.ActiveCfg = Release|x86
		{92B77333-E5EA-47A5-A78D-C335ED4386D3}.Release|Mixed Platforms.Build.0 = Release|x86
		{92B77333-E5EA-47A5-A78D-C335ED4386D3}.Release|x86.ActiveCfg = Release|x86
		{92B77333-E5EA-47A5-A78D-C335ED4386D3}.Release|x86.Build.0 = Release|x86
		{13045B09-2544-4084-868A-393F5F9196AF}.Debug|Any CPU.ActiveCfg = Debug|x86
		{13045B09-2544-4084-868A-393F5F9196AF}.Debug|Mixed Platforms.ActiveCfg = Debug|x86
		{13045B09-2544-4084-868A-393F5F9196AF}.Debug|Mixed Platforms.Build.0 = Debug|x86
		{13045B09-2544-4084-868A-393F5F9196AF}.Debug|x86.ActiveCfg = Debug|x86
		{13045B09-2544-4084-868A-393F5F9196AF}.Debug|x86.Build.0 = Debug|x86
		{13045B09-2544-4084-868A-393F5F9196AF}.Release|Any CPU.ActiveCfg = Release|x86
		{13045B09-2544-4084-868A-393F5F9196AF}.Release|Mixed Platforms.ActiveCfg = Release|x86
		{13045B09-2544-4084-868A-393F5F9196AF}.Release|Mixed Platforms.Build.0 = Release|x86
		{13045B09-2544-4084-868A-393F5F9196AF}.Release|x86.ActiveCfg = Release|x86
		{13045B09-2544-4084-868A-393F5F9196AF}.Release|x86.Build.0 = Release|x86
		{1E28C643-0671-4EDF-ADEE-B75D33BAE5AF}.Debug|Any CPU.ActiveCfg = Debug|Any CPU
		{1E28C643-0671-4EDF-ADEE-B75D33BAE5AF}.Debug|Any CPU.Build.0 = Debug|Any CPU
		{1E28C643-0671-4EDF-ADEE-B75D33BAE5AF}.Debug|Mixed Platforms.ActiveCfg = Debug|Any CPU
		{1E28C643-0671-4EDF-ADEE-B75D33BAE5AF}.Debug|Mixed Platforms.Build.0 = Debug|Any CPU
		{1E28C643-0671-4EDF-ADEE-B75D33BAE5AF}.Debug|x86.ActiveCfg = Debug|Any CPU
		{1E28C643-0671-4EDF-ADEE-B75D33BAE5AF}.Release|Any CPU.ActiveCfg = Release|Any CPU
		{1E28C643-0671-4EDF-ADEE-B75D33BAE5AF}.Release|Any CPU.Build.0 = Release|Any CPU
		{1E28C643-0671-4EDF-ADEE-B75D33BAE5AF}.Release|Mixed Platforms.ActiveCfg = Release|Any CPU
		{1E28C643-0671-4EDF-ADEE-B75D33BAE5AF}.Release|Mixed Platforms.Build.0 = Release|Any CPU
		{1E28C643-0671-4EDF-ADEE-B75D33BAE5AF}.Release|x86.ActiveCfg = Release|Any CPU
	EndGlobalSection
	GlobalSection(SolutionProperties) = preSolution
		HideSolutionNode = FALSE
	EndGlobalSection
EndGlobal
