Microsoft Visual Studio Solution File, Format Version 11.00
# Visual Studio 2010
Project("{FAE04EC0-301F-11D3-BF4B-00C04F79EFBC}") = "Gwen", "Gwen\Gwen.csproj", "{ADDA2F43-96C0-497F-8216-29C67ABC9806}"
EndProject
Project("{FAE04EC0-301F-11D3-BF4B-00C04F79EFBC}") = "Gwen.Renderer.SFML", "Gwen.Renderer.SFML\Gwen.Renderer.SFML.csproj", "{D97B4F91-9FC8-46E0-A511-68D006662051}"
EndProject
Project("{FAE04EC0-301F-11D3-BF4B-00C04F79EFBC}") = "Gwen.Sample.SFML", "Gwen.Sample.SFML\Gwen.Sample.SFML.csproj", "{3528E188-400A-4902-8050-FBAEAFC1F266}"
EndProject
Project("{FAE04EC0-301F-11D3-BF4B-00C04F79EFBC}") = "Gwen.Renderer.Tao", "Gwen.Renderer.Tao\Gwen.Renderer.Tao.csproj", "{92B77333-E5EA-47A5-A78D-C335ED4386D3}"
EndProject
Project("{FAE04EC0-301F-11D3-BF4B-00C04F79EFBC}") = "Gwen.Sample.Tao", "Gwen.Sample.Tao\Gwen.Sample.Tao.csproj", "{13045B09-2544-4084-868A-393F5F9196AF}"
EndProject
Project("{FAE04EC0-301F-11D3-BF4B-00C04F79EFBC}") = "Gwen.UnitTest", "Gwen.UnitTest\Gwen.UnitTest.csproj", "{1E28C643-0671-4EDF-ADEE-B75D33BAE5AF}"
EndProject
Project("{FAE04EC0-301F-11D3-BF4B-00C04F79EFBC}") = "Gwen.Sample.OpenTK", "Gwen.Sample.OpenTK\Gwen.Sample.OpenTK.csproj", "{B316F57F-6D02-4487-95AE-EA88B9C995CE}"
EndProject
Project("{FAE04EC0-301F-11D3-BF4B-00C04F79EFBC}") = "Gwen.Renderer.OpenTK", "Gwen.Renderer.OpenTK\Gwen.Renderer.OpenTK.csproj", "{41650C82-D630-4E5C-845A-F1513C8FDC99}"
EndProject
Global
	GlobalSection(SolutionConfigurationPlatforms) = preSolution
		Debug|X64 = Debug|X64
		Debug|x86 = Debug|x86
		Release|X64 = Release|X64
		Release|x86 = Release|x86
	EndGlobalSection
	GlobalSection(ProjectConfigurationPlatforms) = postSolution
		{ADDA2F43-96C0-497F-8216-29C67ABC9806}.Debug|X64.ActiveCfg = Debug|X64
		{ADDA2F43-96C0-497F-8216-29C67ABC9806}.Debug|X64.Build.0 = Debug|X64
		{ADDA2F43-96C0-497F-8216-29C67ABC9806}.Debug|x86.ActiveCfg = Debug|x86
		{ADDA2F43-96C0-497F-8216-29C67ABC9806}.Debug|x86.Build.0 = Debug|x86
		{ADDA2F43-96C0-497F-8216-29C67ABC9806}.Release|X64.ActiveCfg = Release|X64
		{ADDA2F43-96C0-497F-8216-29C67ABC9806}.Release|X64.Build.0 = Release|X64
		{ADDA2F43-96C0-497F-8216-29C67ABC9806}.Release|x86.ActiveCfg = Release|x86
		{ADDA2F43-96C0-497F-8216-29C67ABC9806}.Release|x86.Build.0 = Release|x86
		{D97B4F91-9FC8-46E0-A511-68D006662051}.Debug|X64.ActiveCfg = Debug|X64
		{D97B4F91-9FC8-46E0-A511-68D006662051}.Debug|X64.Build.0 = Debug|X64
		{D97B4F91-9FC8-46E0-A511-68D006662051}.Debug|x86.ActiveCfg = Debug|x86
		{D97B4F91-9FC8-46E0-A511-68D006662051}.Debug|x86.Build.0 = Debug|x86
		{D97B4F91-9FC8-46E0-A511-68D006662051}.Release|X64.ActiveCfg = Release|X64
		{D97B4F91-9FC8-46E0-A511-68D006662051}.Release|X64.Build.0 = Release|X64
		{D97B4F91-9FC8-46E0-A511-68D006662051}.Release|x86.ActiveCfg = Release|x86
		{D97B4F91-9FC8-46E0-A511-68D006662051}.Release|x86.Build.0 = Release|x86
		{3528E188-400A-4902-8050-FBAEAFC1F266}.Debug|X64.ActiveCfg = Debug|X64
		{3528E188-400A-4902-8050-FBAEAFC1F266}.Debug|X64.Build.0 = Debug|X64
		{3528E188-400A-4902-8050-FBAEAFC1F266}.Debug|x86.ActiveCfg = Debug|x86
		{3528E188-400A-4902-8050-FBAEAFC1F266}.Debug|x86.Build.0 = Debug|x86
		{3528E188-400A-4902-8050-FBAEAFC1F266}.Release|X64.ActiveCfg = Release|X64
		{3528E188-400A-4902-8050-FBAEAFC1F266}.Release|X64.Build.0 = Release|X64
		{3528E188-400A-4902-8050-FBAEAFC1F266}.Release|x86.ActiveCfg = Release|x86
		{3528E188-400A-4902-8050-FBAEAFC1F266}.Release|x86.Build.0 = Release|x86
		{92B77333-E5EA-47A5-A78D-C335ED4386D3}.Debug|X64.ActiveCfg = Debug|X64
		{92B77333-E5EA-47A5-A78D-C335ED4386D3}.Debug|X64.Build.0 = Debug|X64
		{92B77333-E5EA-47A5-A78D-C335ED4386D3}.Debug|x86.ActiveCfg = Debug|x86
		{92B77333-E5EA-47A5-A78D-C335ED4386D3}.Debug|x86.Build.0 = Debug|x86
		{92B77333-E5EA-47A5-A78D-C335ED4386D3}.Release|X64.ActiveCfg = Release|X64
		{92B77333-E5EA-47A5-A78D-C335ED4386D3}.Release|X64.Build.0 = Release|X64
		{92B77333-E5EA-47A5-A78D-C335ED4386D3}.Release|x86.ActiveCfg = Release|x86
		{92B77333-E5EA-47A5-A78D-C335ED4386D3}.Release|x86.Build.0 = Release|x86
		{13045B09-2544-4084-868A-393F5F9196AF}.Debug|X64.ActiveCfg = Debug|X64
		{13045B09-2544-4084-868A-393F5F9196AF}.Debug|X64.Build.0 = Debug|X64
		{13045B09-2544-4084-868A-393F5F9196AF}.Debug|x86.ActiveCfg = Debug|x86
		{13045B09-2544-4084-868A-393F5F9196AF}.Debug|x86.Build.0 = Debug|x86
		{13045B09-2544-4084-868A-393F5F9196AF}.Release|X64.ActiveCfg = Release|X64
		{13045B09-2544-4084-868A-393F5F9196AF}.Release|X64.Build.0 = Release|X64
		{13045B09-2544-4084-868A-393F5F9196AF}.Release|x86.ActiveCfg = Release|x86
		{13045B09-2544-4084-868A-393F5F9196AF}.Release|x86.Build.0 = Release|x86
		{1E28C643-0671-4EDF-ADEE-B75D33BAE5AF}.Debug|X64.ActiveCfg = Debug|X64
		{1E28C643-0671-4EDF-ADEE-B75D33BAE5AF}.Debug|X64.Build.0 = Debug|X64
		{1E28C643-0671-4EDF-ADEE-B75D33BAE5AF}.Debug|x86.ActiveCfg = Debug|x86
		{1E28C643-0671-4EDF-ADEE-B75D33BAE5AF}.Debug|x86.Build.0 = Debug|x86
		{1E28C643-0671-4EDF-ADEE-B75D33BAE5AF}.Release|X64.ActiveCfg = Release|X64
		{1E28C643-0671-4EDF-ADEE-B75D33BAE5AF}.Release|X64.Build.0 = Release|X64
		{1E28C643-0671-4EDF-ADEE-B75D33BAE5AF}.Release|x86.ActiveCfg = Release|x86
		{1E28C643-0671-4EDF-ADEE-B75D33BAE5AF}.Release|x86.Build.0 = Release|x86
		{B316F57F-6D02-4487-95AE-EA88B9C995CE}.Debug|X64.ActiveCfg = Debug|X64
		{B316F57F-6D02-4487-95AE-EA88B9C995CE}.Debug|X64.Build.0 = Debug|X64
		{B316F57F-6D02-4487-95AE-EA88B9C995CE}.Debug|x86.ActiveCfg = Debug|x86
		{B316F57F-6D02-4487-95AE-EA88B9C995CE}.Debug|x86.Build.0 = Debug|x86
		{B316F57F-6D02-4487-95AE-EA88B9C995CE}.Release|X64.ActiveCfg = Release|X64
		{B316F57F-6D02-4487-95AE-EA88B9C995CE}.Release|X64.Build.0 = Release|X64
		{B316F57F-6D02-4487-95AE-EA88B9C995CE}.Release|x86.ActiveCfg = Release|x86
		{B316F57F-6D02-4487-95AE-EA88B9C995CE}.Release|x86.Build.0 = Release|x86
		{41650C82-D630-4E5C-845A-F1513C8FDC99}.Debug|X64.ActiveCfg = Debug|X64
		{41650C82-D630-4E5C-845A-F1513C8FDC99}.Debug|X64.Build.0 = Debug|X64
		{41650C82-D630-4E5C-845A-F1513C8FDC99}.Debug|x86.ActiveCfg = Debug|x86
		{41650C82-D630-4E5C-845A-F1513C8FDC99}.Debug|x86.Build.0 = Debug|x86
		{41650C82-D630-4E5C-845A-F1513C8FDC99}.Release|X64.ActiveCfg = Release|X64
		{41650C82-D630-4E5C-845A-F1513C8FDC99}.Release|X64.Build.0 = Release|X64
		{41650C82-D630-4E5C-845A-F1513C8FDC99}.Release|x86.ActiveCfg = Release|x86
		{41650C82-D630-4E5C-845A-F1513C8FDC99}.Release|x86.Build.0 = Release|x86
	EndGlobalSection
	GlobalSection(SolutionProperties) = preSolution
		HideSolutionNode = FALSE
	EndGlobalSection
EndGlobal
