
Microsoft Visual Studio Solution File, Format Version 12.00
# Visual Studio 2012
Project("{FAE04EC0-301F-11D3-BF4B-00C04F79EFBC}") = "Gwen", "Gwen\Gwen.csproj", "{ADDA2F43-96C0-497F-8216-29C67ABC9806}"
EndProject
Project("{FAE04EC0-301F-11D3-BF4B-00C04F79EFBC}") = "Gwen.UnitTest", "Gwen.UnitTest\Gwen.UnitTest.csproj", "{1E28C643-0671-4EDF-ADEE-B75D33BAE5AF}"
EndProject
Project("{FAE04EC0-301F-11D3-BF4B-00C04F79EFBC}") = "Gwen.Sample.OpenTK", "Gwen.Sample.OpenTK\Gwen.Sample.OpenTK.csproj", "{B316F57F-6D02-4487-95AE-EA88B9C995CE}"
EndProject
Project("{FAE04EC0-301F-11D3-BF4B-00C04F79EFBC}") = "Gwen.OpenTK", "Gwen.Renderer.OpenTK\Gwen.OpenTK.csproj", "{41650C82-D630-4E5C-845A-F1513C8FDC99}"
EndProject
Global
	GlobalSection(SolutionConfigurationPlatforms) = preSolution
		Debug|x86 = Debug|x86
		Release|x86 = Release|x86
	EndGlobalSection
	GlobalSection(ProjectConfigurationPlatforms) = postSolution
		{ADDA2F43-96C0-497F-8216-29C67ABC9806}.Debug|x86.ActiveCfg = Debug|x86
		{ADDA2F43-96C0-497F-8216-29C67ABC9806}.Debug|x86.Build.0 = Debug|x86
		{ADDA2F43-96C0-497F-8216-29C67ABC9806}.Release|x86.ActiveCfg = Release|x86
		{ADDA2F43-96C0-497F-8216-29C67ABC9806}.Release|x86.Build.0 = Release|x86
		{1E28C643-0671-4EDF-ADEE-B75D33BAE5AF}.Debug|x86.ActiveCfg = Debug|x86
		{1E28C643-0671-4EDF-ADEE-B75D33BAE5AF}.Debug|x86.Build.0 = Debug|x86
		{1E28C643-0671-4EDF-ADEE-B75D33BAE5AF}.Release|x86.ActiveCfg = Release|x86
		{1E28C643-0671-4EDF-ADEE-B75D33BAE5AF}.Release|x86.Build.0 = Release|x86
		{B316F57F-6D02-4487-95AE-EA88B9C995CE}.Debug|x86.ActiveCfg = Debug|x86
		{B316F57F-6D02-4487-95AE-EA88B9C995CE}.Debug|x86.Build.0 = Debug|x86
		{B316F57F-6D02-4487-95AE-EA88B9C995CE}.Release|x86.ActiveCfg = Release|x86
		{B316F57F-6D02-4487-95AE-EA88B9C995CE}.Release|x86.Build.0 = Release|x86
		{41650C82-D630-4E5C-845A-F1513C8FDC99}.Debug|x86.ActiveCfg = Debug|x86
		{41650C82-D630-4E5C-845A-F1513C8FDC99}.Debug|x86.Build.0 = Debug|x86
		{41650C82-D630-4E5C-845A-F1513C8FDC99}.Release|x86.ActiveCfg = Release|x86
		{41650C82-D630-4E5C-845A-F1513C8FDC99}.Release|x86.Build.0 = Release|x86
	EndGlobalSection
	GlobalSection(SolutionProperties) = preSolution
		HideSolutionNode = FALSE
	EndGlobalSection
	GlobalSection(Performance) = preSolution
		HasPerformanceSessions = true
	EndGlobalSection
	GlobalSection(MonoDevelopProperties) = preSolution
		StartupItem = Gwen.Sample.OpenTK\Gwen.Sample.OpenTK.csproj
	EndGlobalSection
EndGlobal
